
Microsoft Visual Studio Solution File, Format Version 12.00
# Visual Studio Version 16
VisualStudioVersion = 16.0.29519.87
MinimumVisualStudioVersion = 10.0.40219.1
Project("{FAE04EC0-301F-11D3-BF4B-00C04F79EFBC}") = "NearClientUnity", "NearClientUnity\NearClientUnity.csproj", "{9745A63F-3356-4EF8-938A-E0E3070D41C4}"
EndProject
Project("{FAE04EC0-301F-11D3-BF4B-00C04F79EFBC}") = "NearClientUnityTests", "NearClientUnityTests\NearClientUnityTests.csproj", "{3DDFA07F-FBEF-4F5C-893B-C6332EE8920F}"
EndProject
Global
	GlobalSection(SolutionConfigurationPlatforms) = preSolution
		Debug|Any CPU = Debug|Any CPU
		Release|Any CPU = Release|Any CPU
	EndGlobalSection
	GlobalSection(ProjectConfigurationPlatforms) = postSolution
		{9745A63F-3356-4EF8-938A-E0E3070D41C4}.Debug|Any CPU.ActiveCfg = Debug|Any CPU
		{9745A63F-3356-4EF8-938A-E0E3070D41C4}.Debug|Any CPU.Build.0 = Debug|Any CPU
		{9745A63F-3356-4EF8-938A-E0E3070D41C4}.Release|Any CPU.ActiveCfg = Release|Any CPU
		{9745A63F-3356-4EF8-938A-E0E3070D41C4}.Release|Any CPU.Build.0 = Release|Any CPU
		{3DDFA07F-FBEF-4F5C-893B-C6332EE8920F}.Debug|Any CPU.ActiveCfg = Debug|Any CPU
		{3DDFA07F-FBEF-4F5C-893B-C6332EE8920F}.Debug|Any CPU.Build.0 = Debug|Any CPU
		{3DDFA07F-FBEF-4F5C-893B-C6332EE8920F}.Release|Any CPU.ActiveCfg = Release|Any CPU
	EndGlobalSection
	GlobalSection(SolutionProperties) = preSolution
		HideSolutionNode = FALSE
	EndGlobalSection
	GlobalSection(ExtensibilityGlobals) = postSolution
		SolutionGuid = {DE1AEA3F-9AAC-435A-A026-697EE3955128}
	EndGlobalSection
EndGlobal
